// !$*UTF8*$!
{
	archiveVersion = 1;
	classes = {
	};
	objectVersion = 50;
	objects = {

/* Begin PBXBuildFile section */
		9717C159750C957D260BE46A /* Pods_myExpandableTableViewCell_tutorial.framework in Frameworks */ = {isa = PBXBuildFile; fileRef = 10A479DA5BBC6F66808DC9FB /* Pods_myExpandableTableViewCell_tutorial.framework */; };
		F299643E2551BC4C0054040F /* AppDelegate.swift in Sources */ = {isa = PBXBuildFile; fileRef = F299643D2551BC4C0054040F /* AppDelegate.swift */; };
		F29964402551BC4C0054040F /* SceneDelegate.swift in Sources */ = {isa = PBXBuildFile; fileRef = F299643F2551BC4C0054040F /* SceneDelegate.swift */; };
		F29964422551BC4C0054040F /* ViewController.swift in Sources */ = {isa = PBXBuildFile; fileRef = F29964412551BC4C0054040F /* ViewController.swift */; };
		F29964452551BC4C0054040F /* Main.storyboard in Resources */ = {isa = PBXBuildFile; fileRef = F29964432551BC4C0054040F /* Main.storyboard */; };
		F29964472551BC4F0054040F /* Assets.xcassets in Resources */ = {isa = PBXBuildFile; fileRef = F29964462551BC4F0054040F /* Assets.xcassets */; };
		F299644A2551BC4F0054040F /* LaunchScreen.storyboard in Resources */ = {isa = PBXBuildFile; fileRef = F29964482551BC4F0054040F /* LaunchScreen.storyboard */; };
/* End PBXBuildFile section */

/* Begin PBXFileReference section */
		10A479DA5BBC6F66808DC9FB /* Pods_myExpandableTableViewCell_tutorial.framework */ = {isa = PBXFileReference; explicitFileType = wrapper.framework; includeInIndex = 0; path = Pods_myExpandableTableViewCell_tutorial.framework; sourceTree = BUILT_PRODUCTS_DIR; };
		368DC2964CDE0E0BA4434344 /* Pods-myExpandableTableViewCell_tutorial.release.xcconfig */ = {isa = PBXFileReference; includeInIndex = 1; lastKnownFileType = text.xcconfig; name = "Pods-myExpandableTableViewCell_tutorial.release.xcconfig"; path = "Target Support Files/Pods-myExpandableTableViewCell_tutorial/Pods-myExpandableTableViewCell_tutorial.release.xcconfig"; sourceTree = "<group>"; };
		7C7012125CA779EC1FD22865 /* Pods-myExpandableTableViewCell_tutorial.debug.xcconfig */ = {isa = PBXFileReference; includeInIndex = 1; lastKnownFileType = text.xcconfig; name = "Pods-myExpandableTableViewCell_tutorial.debug.xcconfig"; path = "Target Support Files/Pods-myExpandableTableViewCell_tutorial/Pods-myExpandableTableViewCell_tutorial.debug.xcconfig"; sourceTree = "<group>"; };
		F299643A2551BC4C0054040F /* myExpandableTableViewCell_tutorial.app */ = {isa = PBXFileReference; explicitFileType = wrapper.application; includeInIndex = 0; path = myExpandableTableViewCell_tutorial.app; sourceTree = BUILT_PRODUCTS_DIR; };
		F299643D2551BC4C0054040F /* AppDelegate.swift */ = {isa = PBXFileReference; lastKnownFileType = sourcecode.swift; path = AppDelegate.swift; sourceTree = "<group>"; };
		F299643F2551BC4C0054040F /* SceneDelegate.swift */ = {isa = PBXFileReference; lastKnownFileType = sourcecode.swift; path = SceneDelegate.swift; sourceTree = "<group>"; };
		F29964412551BC4C0054040F /* ViewController.swift */ = {isa = PBXFileReference; lastKnownFileType = sourcecode.swift; path = ViewController.swift; sourceTree = "<group>"; };
		F29964442551BC4C0054040F /* Base */ = {isa = PBXFileReference; lastKnownFileType = file.storyboard; name = Base; path = Base.lproj/Main.storyboard; sourceTree = "<group>"; };
		F29964462551BC4F0054040F /* Assets.xcassets */ = {isa = PBXFileReference; lastKnownFileType = folder.assetcatalog; path = Assets.xcassets; sourceTree = "<group>"; };
		F29964492551BC4F0054040F /* Base */ = {isa = PBXFileReference; lastKnownFileType = file.storyboard; name = Base; path = Base.lproj/LaunchScreen.storyboard; sourceTree = "<group>"; };
		F299644B2551BC4F0054040F /* Info.plist */ = {isa = PBXFileReference; lastKnownFileType = text.plist.xml; path = Info.plist; sourceTree = "<group>"; };
/* End PBXFileReference section */

/* Begin PBXFrameworksBuildPhase section */
		F29964372551BC4C0054040F /* Frameworks */ = {
			isa = PBXFrameworksBuildPhase;
			buildActionMask = 2147483647;
			files = (
				9717C159750C957D260BE46A /* Pods_myExpandableTableViewCell_tutorial.framework in Frameworks */,
			);
			runOnlyForDeploymentPostprocessing = 0;
		};
/* End PBXFrameworksBuildPhase section */

/* Begin PBXGroup section */
		6468AC698A604DE677836D62 /* Pods */ = {
			isa = PBXGroup;
			children = (
				7C7012125CA779EC1FD22865 /* Pods-myExpandableTableViewCell_tutorial.debug.xcconfig */,
				368DC2964CDE0E0BA4434344 /* Pods-myExpandableTableViewCell_tutorial.release.xcconfig */,
			);
			name = Pods;
			path = Pods;
			sourceTree = "<group>";
		};
		DCD1E187A19B5F2497856901 /* Frameworks */ = {
			isa = PBXGroup;
			children = (
				10A479DA5BBC6F66808DC9FB /* Pods_myExpandableTableViewCell_tutorial.framework */,
			);
			name = Frameworks;
			sourceTree = "<group>";
		};
		F29964312551BC4C0054040F = {
			isa = PBXGroup;
			children = (
				F299643C2551BC4C0054040F /* myExpandableTableViewCell_tutorial */,
				F299643B2551BC4C0054040F /* Products */,
				6468AC698A604DE677836D62 /* Pods */,
				DCD1E187A19B5F2497856901 /* Frameworks */,
			);
			sourceTree = "<group>";
		};
		F299643B2551BC4C0054040F /* Products */ = {
			isa = PBXGroup;
			children = (
				F299643A2551BC4C0054040F /* myExpandableTableViewCell_tutorial.app */,
			);
			name = Products;
			sourceTree = "<group>";
		};
		F299643C2551BC4C0054040F /* myExpandableTableViewCell_tutorial */ = {
			isa = PBXGroup;
			children = (
				F299643D2551BC4C0054040F /* AppDelegate.swift */,
				F299643F2551BC4C0054040F /* SceneDelegate.swift */,
				F29964412551BC4C0054040F /* ViewController.swift */,
				F29964432551BC4C0054040F /* Main.storyboard */,
				F29964462551BC4F0054040F /* Assets.xcassets */,
				F29964482551BC4F0054040F /* LaunchScreen.storyboard */,
				F299644B2551BC4F0054040F /* Info.plist */,
			);
			path = myExpandableTableViewCell_tutorial;
			sourceTree = "<group>";
		};
/* End PBXGroup section */

/* Begin PBXNativeTarget section */
		F29964392551BC4C0054040F /* myExpandableTableViewCell_tutorial */ = {
			isa = PBXNativeTarget;
			buildConfigurationList = F299644E2551BC4F0054040F /* Build configuration list for PBXNativeTarget "myExpandableTableViewCell_tutorial" */;
			buildPhases = (
				E1966D5CA5ECBACA7F9F2858 /* [CP] Check Pods Manifest.lock */,
				F29964362551BC4C0054040F /* Sources */,
				F29964372551BC4C0054040F /* Frameworks */,
				F29964382551BC4C0054040F /* Resources */,
				A2132D8D19237508B61BA2A8 /* [CP] Embed Pods Frameworks */,
			);
			buildRules = (
			);
			dependencies = (
			);
			name = myExpandableTableViewCell_tutorial;
			productName = myExpandableTableViewCell_tutorial;
			productReference = F299643A2551BC4C0054040F /* myExpandableTableViewCell_tutorial.app */;
			productType = "com.apple.product-type.application";
		};
/* End PBXNativeTarget section */

/* Begin PBXProject section */
		F29964322551BC4C0054040F /* Project object */ = {
			isa = PBXProject;
			attributes = {
				LastSwiftUpdateCheck = 1210;
				LastUpgradeCheck = 1210;
				TargetAttributes = {
					F29964392551BC4C0054040F = {
						CreatedOnToolsVersion = 12.1;
					};
				};
			};
			buildConfigurationList = F29964352551BC4C0054040F /* Build configuration list for PBXProject "myExpandableTableViewCell_tutorial" */;
			compatibilityVersion = "Xcode 9.3";
			developmentRegion = en;
			hasScannedForEncodings = 0;
			knownRegions = (
				en,
				Base,
			);
			mainGroup = F29964312551BC4C0054040F;
			productRefGroup = F299643B2551BC4C0054040F /* Products */;
			projectDirPath = "";
			projectRoot = "";
			targets = (
				F29964392551BC4C0054040F /* myExpandableTableViewCell_tutorial */,
			);
		};
/* End PBXProject section */

/* Begin PBXResourcesBuildPhase section */
		F29964382551BC4C0054040F /* Resources */ = {
			isa = PBXResourcesBuildPhase;
			buildActionMask = 2147483647;
			files = (
				F299644A2551BC4F0054040F /* LaunchScreen.storyboard in Resources */,
				F29964472551BC4F0054040F /* Assets.xcassets in Resources */,
				F29964452551BC4C0054040F /* Main.storyboard in Resources */,
			);
			runOnlyForDeploymentPostprocessing = 0;
		};
/* End PBXResourcesBuildPhase section */

/* Begin PBXShellScriptBuildPhase section */
		A2132D8D19237508B61BA2A8 /* [CP] Embed Pods Frameworks */ = {
			isa = PBXShellScriptBuildPhase;
			buildActionMask = 2147483647;
			files = (
			);
			inputFileListPaths = (
				"${PODS_ROOT}/Target Support Files/Pods-myExpandableTableViewCell_tutorial/Pods-myExpandableTableViewCell_tutorial-frameworks-${CONFIGURATION}-input-files.xcfilelist",
			);
			name = "[CP] Embed Pods Frameworks";
			outputFileListPaths = (
				"${PODS_ROOT}/Target Support Files/Pods-myExpandableTableViewCell_tutorial/Pods-myExpandableTableViewCell_tutorial-frameworks-${CONFIGURATION}-output-files.xcfilelist",
			);
			runOnlyForDeploymentPostprocessing = 0;
			shellPath = /bin/sh;
			shellScript = "\"${PODS_ROOT}/Target Support Files/Pods-myExpandableTableViewCell_tutorial/Pods-myExpandableTableViewCell_tutorial-frameworks.sh\"\n";
			showEnvVarsInLog = 0;
		};
		E1966D5CA5ECBACA7F9F2858 /* [CP] Check Pods Manifest.lock */ = {
			isa = PBXShellScriptBuildPhase;
			buildActionMask = 2147483647;
			files = (
			);
			inputFileListPaths = (
			);
			inputPaths = (
				"${PODS_PODFILE_DIR_PATH}/Podfile.lock",
				"${PODS_ROOT}/Manifest.lock",
			);
			name = "[CP] Check Pods Manifest.lock";
			outputFileListPaths = (
			);
			outputPaths = (
				"$(DERIVED_FILE_DIR)/Pods-myExpandableTableViewCell_tutorial-checkManifestLockResult.txt",
			);
			runOnlyForDeploymentPostprocessing = 0;
			shellPath = /bin/sh;
			shellScript = "diff \"${PODS_PODFILE_DIR_PATH}/Podfile.lock\" \"${PODS_ROOT}/Manifest.lock\" > /dev/null\nif [ $? != 0 ] ; then\n    # print error to STDERR\n    echo \"error: The sandbox is not in sync with the Podfile.lock. Run 'pod install' or update your CocoaPods installation.\" >&2\n    exit 1\nfi\n# This output is used by Xcode 'outputs' to avoid re-running this script phase.\necho \"SUCCESS\" > \"${SCRIPT_OUTPUT_FILE_0}\"\n";
			showEnvVarsInLog = 0;
		};
/* End PBXShellScriptBuildPhase section */

/* Begin PBXSourcesBuildPhase section */
		F29964362551BC4C0054040F /* Sources */ = {
			isa = PBXSourcesBuildPhase;
			buildActionMask = 2147483647;
			files = (
				F29964422551BC4C0054040F /* ViewController.swift in Sources */,
				F299643E2551BC4C0054040F /* AppDelegate.swift in Sources */,
				F29964402551BC4C0054040F /* SceneDelegate.swift in Sources */,
			);
			runOnlyForDeploymentPostprocessing = 0;
		};
/* End PBXSourcesBuildPhase section */

/* Begin PBXVariantGroup section */
		F29964432551BC4C0054040F /* Main.storyboard */ = {
			isa = PBXVariantGroup;
			children = (
				F29964442551BC4C0054040F /* Base */,
			);
			name = Main.storyboard;
			sourceTree = "<group>";
		};
		F29964482551BC4F0054040F /* LaunchScreen.storyboard */ = {
			isa = PBXVariantGroup;
			children = (
				F29964492551BC4F0054040F /* Base */,
			);
			name = LaunchScreen.storyboard;
			sourceTree = "<group>";
		};
/* End PBXVariantGroup section */

/* Begin XCBuildConfiguration section */
		F299644C2551BC4F0054040F /* Debug */ = {
			isa = XCBuildConfiguration;
			buildSettings = {
				ALWAYS_SEARCH_USER_PATHS = NO;
				CLANG_ANALYZER_NONNULL = YES;
				CLANG_ANALYZER_NUMBER_OBJECT_CONVERSION = YES_AGGRESSIVE;
				CLANG_CXX_LANGUAGE_STANDARD = "gnu++14";
				CLANG_CXX_LIBRARY = "libc++";
				CLANG_ENABLE_MODULES = YES;
				CLANG_ENABLE_OBJC_ARC = YES;
				CLANG_ENABLE_OBJC_WEAK = YES;
				CLANG_WARN_BLOCK_CAPTURE_AUTORELEASING = YES;
				CLANG_WARN_BOOL_CONVERSION = YES;
				CLANG_WARN_COMMA = YES;
				CLANG_WARN_CONSTANT_CONVERSION = YES;
				CLANG_WARN_DEPRECATED_OBJC_IMPLEMENTATIONS = YES;
				CLANG_WARN_DIRECT_OBJC_ISA_USAGE = YES_ERROR;
				CLANG_WARN_DOCUMENTATION_COMMENTS = YES;
				CLANG_WARN_EMPTY_BODY = YES;
				CLANG_WARN_ENUM_CONVERSION = YES;
				CLANG_WARN_INFINITE_RECURSION = YES;
				CLANG_WARN_INT_CONVERSION = YES;
				CLANG_WARN_NON_LITERAL_NULL_CONVERSION = YES;
				CLANG_WARN_OBJC_IMPLICIT_RETAIN_SELF = YES;
				CLANG_WARN_OBJC_LITERAL_CONVERSION = YES;
				CLANG_WARN_OBJC_ROOT_CLASS = YES_ERROR;
				CLANG_WARN_QUOTED_INCLUDE_IN_FRAMEWORK_HEADER = YES;
				CLANG_WARN_RANGE_LOOP_ANALYSIS = YES;
				CLANG_WARN_STRICT_PROTOTYPES = YES;
				CLANG_WARN_SUSPICIOUS_MOVE = YES;
				CLANG_WARN_UNGUARDED_AVAILABILITY = YES_AGGRESSIVE;
				CLANG_WARN_UNREACHABLE_CODE = YES;
				CLANG_WARN__DUPLICATE_METHOD_MATCH = YES;
				COPY_PHASE_STRIP = NO;
				DEBUG_INFORMATION_FORMAT = dwarf;
				ENABLE_STRICT_OBJC_MSGSEND = YES;
				ENABLE_TESTABILITY = YES;
				GCC_C_LANGUAGE_STANDARD = gnu11;
				GCC_DYNAMIC_NO_PIC = NO;
				GCC_NO_COMMON_BLOCKS = YES;
				GCC_OPTIMIZATION_LEVEL = 0;
				GCC_PREPROCESSOR_DEFINITIONS = (
					"DEBUG=1",
					"$(inherited)",
				);
				GCC_WARN_64_TO_32_BIT_CONVERSION = YES;
				GCC_WARN_ABOUT_RETURN_TYPE = YES_ERROR;
				GCC_WARN_UNDECLARED_SELECTOR = YES;
				GCC_WARN_UNINITIALIZED_AUTOS = YES_AGGRESSIVE;
				GCC_WARN_UNUSED_FUNCTION = YES;
				GCC_WARN_UNUSED_VARIABLE = YES;
				IPHONEOS_DEPLOYMENT_TARGET = 14.1;
				MTL_ENABLE_DEBUG_INFO = INCLUDE_SOURCE;
				MTL_FAST_MATH = YES;
				ONLY_ACTIVE_ARCH = YES;
				SDKROOT = iphoneos;
				SWIFT_ACTIVE_COMPILATION_CONDITIONS = DEBUG;
				SWIFT_OPTIMIZATION_LEVEL = "-Onone";
			};
			name = Debug;
		};
		F299644D2551BC4F0054040F /* Release */ = {
			isa = XCBuildConfiguration;
			buildSettings = {
				ALWAYS_SEARCH_USER_PATHS = NO;
				CLANG_ANALYZER_NONNULL = YES;
				CLANG_ANALYZER_NUMBER_OBJECT_CONVERSION = YES_AGGRESSIVE;
				CLANG_CXX_LANGUAGE_STANDARD = "gnu++14";
				CLANG_CXX_LIBRARY = "libc++";
				CLANG_ENABLE_MODULES = YES;
				CLANG_ENABLE_OBJC_ARC = YES;
				CLANG_ENABLE_OBJC_WEAK = YES;
				CLANG_WARN_BLOCK_CAPTURE_AUTORELEASING = YES;
				CLANG_WARN_BOOL_CONVERSION = YES;
				CLANG_WARN_COMMA = YES;
				CLANG_WARN_CONSTANT_CONVERSION = YES;
				CLANG_WARN_DEPRECATED_OBJC_IMPLEMENTATIONS = YES;
				CLANG_WARN_DIRECT_OBJC_ISA_USAGE = YES_ERROR;
				CLANG_WARN_DOCUMENTATION_COMMENTS = YES;
				CLANG_WARN_EMPTY_BODY = YES;
				CLANG_WARN_ENUM_CONVERSION = YES;
				CLANG_WARN_INFINITE_RECURSION = YES;
				CLANG_WARN_INT_CONVERSION = YES;
				CLANG_WARN_NON_LITERAL_NULL_CONVERSION = YES;
				CLANG_WARN_OBJC_IMPLICIT_RETAIN_SELF = YES;
				CLANG_WARN_OBJC_LITERAL_CONVERSION = YES;
				CLANG_WARN_OBJC_ROOT_CLASS = YES_ERROR;
				CLANG_WARN_QUOTED_INCLUDE_IN_FRAMEWORK_HEADER = YES;
				CLANG_WARN_RANGE_LOOP_ANALYSIS = YES;
				CLANG_WARN_STRICT_PROTOTYPES = YES;
				CLANG_WARN_SUSPICIOUS_MOVE = YES;
				CLANG_WARN_UNGUARDED_AVAILABILITY = YES_AGGRESSIVE;
				CLANG_WARN_UNREACHABLE_CODE = YES;
				CLANG_WARN__DUPLICATE_METHOD_MATCH = YES;
				COPY_PHASE_STRIP = NO;
				DEBUG_INFORMATION_FORMAT = "dwarf-with-dsym";
				ENABLE_NS_ASSERTIONS = NO;
				ENABLE_STRICT_OBJC_MSGSEND = YES;
				GCC_C_LANGUAGE_STANDARD = gnu11;
				GCC_NO_COMMON_BLOCKS = YES;
				GCC_WARN_64_TO_32_BIT_CONVERSION = YES;
				GCC_WARN_ABOUT_RETURN_TYPE = YES_ERROR;
				GCC_WARN_UNDECLARED_SELECTOR = YES;
				GCC_WARN_UNINITIALIZED_AUTOS = YES_AGGRESSIVE;
				GCC_WARN_UNUSED_FUNCTION = YES;
				GCC_WARN_UNUSED_VARIABLE = YES;
				IPHONEOS_DEPLOYMENT_TARGET = 14.1;
				MTL_ENABLE_DEBUG_INFO = NO;
				MTL_FAST_MATH = YES;
				SDKROOT = iphoneos;
				SWIFT_COMPILATION_MODE = wholemodule;
				SWIFT_OPTIMIZATION_LEVEL = "-O";
				VALIDATE_PRODUCT = YES;
			};
			name = Release;
		};
		F299644F2551BC4F0054040F /* Debug */ = {
			isa = XCBuildConfiguration;
			baseConfigurationReference = 7C7012125CA779EC1FD22865 /* Pods-myExpandableTableViewCell_tutorial.debug.xcconfig */;
			buildSettings = {
				ASSETCATALOG_COMPILER_APPICON_NAME = AppIcon;
				ASSETCATALOG_COMPILER_GLOBAL_ACCENT_COLOR_NAME = AccentColor;
				CODE_SIGN_STYLE = Automatic;
				DEVELOPMENT_TEAM = 67XDG42679;
				INFOPLIST_FILE = myExpandableTableViewCell_tutorial/Info.plist;
				LD_RUNPATH_SEARCH_PATHS = (
					"$(inherited)",
					"@executable_path/Frameworks",
				);
				PRODUCT_BUNDLE_IDENTIFIER = "com.tuentuenna.myExpandableTableViewCell-tutorial";
				PRODUCT_NAME = "$(TARGET_NAME)";
				SWIFT_VERSION = 5.0;
				TARGETED_DEVICE_FAMILY = "1,2";
			};
			name = Debug;
		};
		F29964502551BC4F0054040F /* Release */ = {
			isa = XCBuildConfiguration;
			baseConfigurationReference = 368DC2964CDE0E0BA4434344 /* Pods-myExpandableTableViewCell_tutorial.release.xcconfig */;
			buildSettings = {
				ASSETCATALOG_COMPILER_APPICON_NAME = AppIcon;
				ASSETCATALOG_COMPILER_GLOBAL_ACCENT_COLOR_NAME = AccentColor;
				CODE_SIGN_STYLE = Automatic;
				DEVELOPMENT_TEAM = 67XDG42679;
				INFOPLIST_FILE = myExpandableTableViewCell_tutorial/Info.plist;
				LD_RUNPATH_SEARCH_PATHS = (
					"$(inherited)",
					"@executable_path/Frameworks",
				);
				PRODUCT_BUNDLE_IDENTIFIER = "com.tuentuenna.myExpandableTableViewCell-tutorial";
				PRODUCT_NAME = "$(TARGET_NAME)";
				SWIFT_VERSION = 5.0;
				TARGETED_DEVICE_FAMILY = "1,2";
			};
			name = Release;
		};
/* End XCBuildConfiguration section */

/* Begin XCConfigurationList section */
		F29964352551BC4C0054040F /* Build configuration list for PBXProject "myExpandableTableViewCell_tutorial" */ = {
			isa = XCConfigurationList;
			buildConfigurations = (
				F299644C2551BC4F0054040F /* Debug */,
				F299644D2551BC4F0054040F /* Release */,
			);
			defaultConfigurationIsVisible = 0;
			defaultConfigurationName = Release;
		};
		F299644E2551BC4F0054040F /* Build configuration list for PBXNativeTarget "myExpandableTableViewCell_tutorial" */ = {
			isa = XCConfigurationList;
			buildConfigurations = (
				F299644F2551BC4F0054040F /* Debug */,
				F29964502551BC4F0054040F /* Release */,
			);
			defaultConfigurationIsVisible = 0;
			defaultConfigurationName = Release;
		};
/* End XCConfigurationList section */
	};
	rootObject = F29964322551BC4C0054040F /* Project object */;
}
